
Microsoft Visual Studio Solution File, Format Version 12.00
# Visual Studio Version 16
VisualStudioVersion = 16.0.31424.327
MinimumVisualStudioVersion = 10.0.40219.1
Project("{FAE04EC0-301F-11D3-BF4B-00C04F79EFBC}") = "MyProject.Mock", "MyProject.Mock\MyProject.Mock.csproj", "{266ECC28-1232-422A-963E-1748749F654C}"
EndProject
Project("{FAE04EC0-301F-11D3-BF4B-00C04F79EFBC}") = "MyProject.Respositories", "MyProject.Respositories\MyProject.Respositories.csproj", "{0B6763DE-B926-4371-B677-F571EB5009AF}"
EndProject
Project("{FAE04EC0-301F-11D3-BF4B-00C04F79EFBC}") = "MyProject.ConsoleApp", "MyProject.ConsoleApp\MyProject.ConsoleApp.csproj", "{F2BBD359-E1A3-402F-A40A-83CA4C2B0F48}"
EndProject
Global
	GlobalSection(SolutionConfigurationPlatforms) = preSolution
		Debug|Any CPU = Debug|Any CPU
		Release|Any CPU = Release|Any CPU
	EndGlobalSection
	GlobalSection(ProjectConfigurationPlatforms) = postSolution
		{266ECC28-1232-422A-963E-1748749F654C}.Debug|Any CPU.ActiveCfg = Debug|Any CPU
		{266ECC28-1232-422A-963E-1748749F654C}.Debug|Any CPU.Build.0 = Debug|Any CPU
		{266ECC28-1232-422A-963E-1748749F654C}.Release|Any CPU.ActiveCfg = Release|Any CPU
		{266ECC28-1232-422A-963E-1748749F654C}.Release|Any CPU.Build.0 = Release|Any CPU
		{0B6763DE-B926-4371-B677-F571EB5009AF}.Debug|Any CPU.ActiveCfg = Debug|Any CPU
		{0B6763DE-B926-4371-B677-F571EB5009AF}.Debug|Any CPU.Build.0 = Debug|Any CPU
		{0B6763DE-B926-4371-B677-F571EB5009AF}.Release|Any CPU.ActiveCfg = Release|Any CPU
		{0B6763DE-B926-4371-B677-F571EB5009AF}.Release|Any CPU.Build.0 = Release|Any CPU
		{F2BBD359-E1A3-402F-A40A-83CA4C2B0F48}.Debug|Any CPU.ActiveCfg = Debug|Any CPU
		{F2BBD359-E1A3-402F-A40A-83CA4C2B0F48}.Debug|Any CPU.Build.0 = Debug|Any CPU
		{F2BBD359-E1A3-402F-A40A-83CA4C2B0F48}.Release|Any CPU.ActiveCfg = Release|Any CPU
		{F2BBD359-E1A3-402F-A40A-83CA4C2B0F48}.Release|Any CPU.Build.0 = Release|Any CPU
	EndGlobalSection
	GlobalSection(SolutionProperties) = preSolution
		HideSolutionNode = FALSE
	EndGlobalSection
	GlobalSection(ExtensibilityGlobals) = postSolution
		SolutionGuid = {EBEFFBA5-051C-4FFB-B160-242C86242EC9}
	EndGlobalSection
EndGlobal
